PODS:
  - CTAssetsPickerController (2.9.5)
  - HanekeSwift (0.9.1)
  - PureLayout (2.0.6)
  - SFTagView (0.6):
    - PureLayout
  - SVProgressHUD (1.1.3)
  - TTTAttributedLabel (1.13.4)
  - UpLoadMoreControl (0.1.0)
  - UpRefreshControl (0.1.0)

DEPENDENCIES:
  - CTAssetsPickerController
  - HanekeSwift
  - SFTagView
  - SVProgressHUD (~> 1.1.2)
  - TTTAttributedLabel
  - UpLoadMoreControl (from `https://github.com/pgbo/UpLoadMoreControl.git`)
  - UpRefreshControl (from `https://github.com/pgbo/UpRefreshControl.git`)

EXTERNAL SOURCES:
  UpLoadMoreControl:
    :git: https://github.com/pgbo/UpLoadMoreControl.git
  UpRefreshControl:
    :git: https://github.com/pgbo/UpRefreshControl.git

CHECKOUT OPTIONS:
  UpLoadMoreControl:
    :commit: 977e5c2806459d8b5a58e8a4bebdc714fa12e23d
    :git: https://github.com/pgbo/UpLoadMoreControl.git
  UpRefreshControl:
    :commit: 2f478b062f9ff0f199812c0dd1206846377083d8
    :git: https://github.com/pgbo/UpRefreshControl.git

SPEC CHECKSUMS:
  CTAssetsPickerController: b413fece2194ae3dbf22fbc544cf6f2a6d516a4d
  HanekeSwift: 50d37bfbc4432edc649167e538c259feccb4a2bb
  PureLayout: f25f0bb904d5ccfe6e31da3cb869185259f02e0d
  SFTagView: 55cd68e4a9a59328d5b06fbddd7982380c8d64b6
  SVProgressHUD: 748080e4f36e603f6c02aec292664239df5279c1
  TTTAttributedLabel: 0a2ac7b2dd726d32a070dafb01446026b11e624f
  UpLoadMoreControl: 357a1fa72d6f717079e8cdcbab51a81f96d062b4
  UpRefreshControl: 442379f120f0cb4deba7166d6514aac5ba0e6bc6

COCOAPODS: 0.38.0.beta.2
